bitbucket.org/wangleikg/hotfix v0.0.0-20200614143614-6fac15ea62b0 h1:RJI91YV2roORgQ3CdjXHHvZmiPum4htboSLkRY2R/CY=
bitbucket.org/wangleikg/hotfix v0.0.0-20200614143614-6fac15ea62b0/go.mod h1:26BW3RZuCLSPpyGXlFmKJkr1BiDL2654+mcjZOfzgqo=
bou.ke/monkey v1.0.2 h1:kWcnsrCNUatbxncxR/ThdYqbytgOIArtYWqcQLQzKLI=
bou.ke/monkey v1.0.2/go.mod h1:OqickVX3tNx6t33n1xvtTtu85YN5s6cKwVug+oHMaIA=
github.com/timestee/golab v0.0.0-20191002030251-8cc33f32fc10 h1:Au8pZf6oSqwmEOQ19dRG1EFtMXt8PU68bwWFXfW5Q8M=
